{
  "name": "stacked-queue",
  "version": "1.0.0",
  "lockfileVersion": 1,
  "requires": true,
  "dependencies": {
    "stacked.js": {
      "version": "1.0.0",
      "resolved": "https://registry.npmjs.org/stacked.js/-/stacked.js-1.0.0.tgz",
      "integrity": "sha512-rGLyL5BJtotGCr0e9aujrxk3Dcw+22B8uHR5uEOw8594NRr7qkGDEetYCA1uT8FYIzD2iYnL3sDXu+fF7UbwrA=="
    }
  }
}
